
Microsoft Visual Studio Solution File, Format Version 12.00
# Visual Studio Version 17
VisualStudioVersion = 17.14.37216.2 d17.14
MinimumVisualStudioVersion = 10.0.40219.1
Project("{FAE04EC0-301F-11D3-BF4B-00C04F79EFBC}") = "prjRecursion", "prjRecursion\prjRecursion.csproj", "{52D9860D-7924-4088-B7B5-46F6CEBDF87E}"
EndProject
Project("{FAE04EC0-301F-11D3-BF4B-00C04F79EFBC}") = "prjRecursion2", "prjRecursion2\prjRecursion2.csproj", "{61F07C86-A342-4D1C-8E50-DDB1BAC16DE0}"
EndProject
Project("{FAE04EC0-301F-11D3-BF4B-00C04F79EFBC}") = "prjFileSearch", "prjFileSearch\prjFileSearch.csproj", "{89F4E37F-991B-410D-892E-1C6CA5A3D14A}"
EndProject
Project("{FAE04EC0-301F-11D3-BF4B-00C04F79EFBC}") = "prjGreenhouse", "prjGreenhouse\prjGreenhouse.csproj", "{BC76BBD2-CD21-4565-817D-AD3D9627D2CB}"
EndProject
Global
	GlobalSection(SolutionConfigurationPlatforms) = preSolution
		Debug|Any CPU = Debug|Any CPU
		Release|Any CPU = Release|Any CPU
	EndGlobalSection
	GlobalSection(ProjectConfigurationPlatforms) = postSolution
		{52D9860D-7924-4088-B7B5-46F6CEBDF87E}.Debug|Any CPU.ActiveCfg = Debug|Any CPU
		{52D9860D-7924-4088-B7B5-46F6CEBDF87E}.Debug|Any CPU.Build.0 = Debug|Any CPU
		{52D9860D-7924-4088-B7B5-46F6CEBDF87E}.Release|Any CPU.ActiveCfg = Release|Any CPU
		{52D9860D-7924-4088-B7B5-46F6CEBDF87E}.Release|Any CPU.Build.0 = Release|Any CPU
		{61F07C86-A342-4D1C-8E50-DDB1BAC16DE0}.Debug|Any CPU.ActiveCfg = Debug|Any CPU
		{61F07C86-A342-4D1C-8E50-DDB1BAC16DE0}.Debug|Any CPU.Build.0 = Debug|Any CPU
		{61F07C86-A342-4D1C-8E50-DDB1BAC16DE0}.Release|Any CPU.ActiveCfg = Release|Any CPU
		{61F07C86-A342-4D1C-8E50-DDB1BAC16DE0}.Release|Any CPU.Build.0 = Release|Any CPU
		{89F4E37F-991B-410D-892E-1C6CA5A3D14A}.Debug|Any CPU.ActiveCfg = Debug|Any CPU
		{89F4E37F-991B-410D-892E-1C6CA5A3D14A}.Debug|Any CPU.Build.0 = Debug|Any CPU
		{89F4E37F-991B-410D-892E-1C6CA5A3D14A}.Release|Any CPU.ActiveCfg = Release|Any CPU
		{89F4E37F-991B-410D-892E-1C6CA5A3D14A}.Release|Any CPU.Build.0 = Release|Any CPU
		{BC76BBD2-CD21-4565-817D-AD3D9627D2CB}.Debug|Any CPU.ActiveCfg = Debug|Any CPU
		{BC76BBD2-CD21-4565-817D-AD3D9627D2CB}.Debug|Any CPU.Build.0 = Debug|Any CPU
		{BC76BBD2-CD21-4565-817D-AD3D9627D2CB}.Release|Any CPU.ActiveCfg = Release|Any CPU
		{BC76BBD2-CD21-4565-817D-AD3D9627D2CB}.Release|Any CPU.Build.0 = Release|Any CPU
	EndGlobalSection
	GlobalSection(SolutionProperties) = preSolution
		HideSolutionNode = FALSE
	EndGlobalSection
	GlobalSection(ExtensibilityGlobals) = postSolution
		SolutionGuid = {B7CC8F71-0FE1-4271-A22C-8A1683CE8EC4}
	EndGlobalSection
EndGlobal
